{
  "name": "p5-test-sketch",
  "version": "1.0.0",
  "lockfileVersion": 1,
  "requires": true,
  "dependencies": {
    "tone": {
      "version": "13.4.9",
      "resolved": "https://registry.npmjs.org/tone/-/tone-13.4.9.tgz",
      "integrity": "sha512-jU3MJOzt9wcGbo57TIzgAQe13EgwvdC7N6N/cA6ZkGYHH8gop+L6a87NRP3LIBCcJxVps6I6i/39ZUJI2aCWUA=="
    },
    "unmute": {
      "version": "0.1.3",
      "resolved": "https://registry.npmjs.org/unmute/-/unmute-0.1.3.tgz",
      "integrity": "sha512-cx9h46cL3dlrxaLzNPCW1FrmyO/hvl3p9vRfjij3yf/fYfUIdHFdE+kezWpEZ8X+CWGVjBCiOS+9xKiYnUsxXw=="
    }
  }
}
